
Microsoft Visual Studio Solution File, Format Version 12.00
# Visual Studio Version 17
VisualStudioVersion = 17.9.34526.213
MinimumVisualStudioVersion = 10.0.40219.1
Project("{FAE04EC0-301F-11D3-BF4B-00C04F79EFBC}") = "Flappy Birdy", "Flappy Birdy.csproj", "{53BE6538-754D-4D71-B24C-540B7C8239BD}"
EndProject
Global
	GlobalSection(SolutionConfigurationPlatforms) = preSolution
		Debug|Any CPU = Debug|Any CPU
		Release|Any CPU = Release|Any CPU
	EndGlobalSection
	GlobalSection(ProjectConfigurationPlatforms) = postSolution
		{53BE6538-754D-4D71-B24C-540B7C8239BD}.Debug|Any CPU.ActiveCfg = Debug|Any CPU
		{53BE6538-754D-4D71-B24C-540B7C8239BD}.Debug|Any CPU.Build.0 = Debug|Any CPU
		{53BE6538-754D-4D71-B24C-540B7C8239BD}.Release|Any CPU.ActiveCfg = Release|Any CPU
		{53BE6538-754D-4D71-B24C-540B7C8239BD}.Release|Any CPU.Build.0 = Release|Any CPU
	EndGlobalSection
	GlobalSection(SolutionProperties) = preSolution
		HideSolutionNode = FALSE
	EndGlobalSection
	GlobalSection(ExtensibilityGlobals) = postSolution
		SolutionGuid = {B076DF6D-23DC-4BB1-8262-FEC3B736490B}
	EndGlobalSection
EndGlobal
